// !$*UTF8*$!
{
	archiveVersion = 1;
	classes = {
	};
	objectVersion = 46;
	objects = {

/* Begin PBXBuildFile section */
		930523791A5DF6C6001F61CF /* AnimeViewController.swift in Sources */ = {isa = PBXBuildFile; fileRef = 930523781A5DF6C6001F61CF /* AnimeViewController.swift */; };
		930AC7071A5017EA00A9D4BC /* FindAnimeTableViewController.swift in Sources */ = {isa = PBXBuildFile; fileRef = 930AC7061A5017EA00A9D4BC /* FindAnimeTableViewController.swift */; };
		930AC7091A5150E300A9D4BC /* Log.swift in Sources */ = {isa = PBXBuildFile; fileRef = 930AC7081A5150E300A9D4BC /* Log.swift */; };
		93135DD81A4B96EC0004A050 /* HummingbirdAPI.swift in Sources */ = {isa = PBXBuildFile; fileRef = 93135DD71A4B96EC0004A050 /* HummingbirdAPI.swift */; };
		9313DD771A55E36100DB9641 /* AccountViewController.swift in Sources */ = {isa = PBXBuildFile; fileRef = 9313DD761A55E36100DB9641 /* AccountViewController.swift */; };
		93220E081A51AEDB008271AA /* AuthenticationToken.swift in Sources */ = {isa = PBXBuildFile; fileRef = 93220E071A51AEDB008271AA /* AuthenticationToken.swift */; };
		93220E0A1A523194008271AA /* Keychain.swift in Sources */ = {isa = PBXBuildFile; fileRef = 93220E091A523194008271AA /* Keychain.swift */; };
		93220E0C1A523AC7008271AA /* MainViewController.swift in Sources */ = {isa = PBXBuildFile; fileRef = 93220E0B1A523AC7008271AA /* MainViewController.swift */; };
		93305A271A48ED9500D6E8B3 /* AppDelegate.swift in Sources */ = {isa = PBXBuildFile; fileRef = 93305A261A48ED9500D6E8B3 /* AppDelegate.swift */; };
		93305A2A1A48ED9500D6E8B3 /* animelist_checker.xcdatamodeld in Sources */ = {isa = PBXBuildFile; fileRef = 93305A281A48ED9500D6E8B3 /* animelist_checker.xcdatamodeld */; };
		93305A2F1A48ED9500D6E8B3 /* Main.storyboard in Resources */ = {isa = PBXBuildFile; fileRef = 93305A2D1A48ED9500D6E8B3 /* Main.storyboard */; };
		93305A311A48ED9500D6E8B3 /* Images.xcassets in Resources */ = {isa = PBXBuildFile; fileRef = 93305A301A48ED9500D6E8B3 /* Images.xcassets */; };
		93305A341A48ED9500D6E8B3 /* LaunchScreen.xib in Resources */ = {isa = PBXBuildFile; fileRef = 93305A321A48ED9500D6E8B3 /* LaunchScreen.xib */; };
		93305A401A48ED9500D6E8B3 /* animelist_checkerTests.swift in Sources */ = {isa = PBXBuildFile; fileRef = 93305A3F1A48ED9500D6E8B3 /* animelist_checkerTests.swift */; };
		93305A4A1A48F23300D6E8B3 /* jesus_tatsuya.jpg in Resources */ = {isa = PBXBuildFile; fileRef = 93305A491A48F23300D6E8B3 /* jesus_tatsuya.jpg */; };
		938B879F1A4A926700F1CB4A /* AnimeListTableViewController.swift in Sources */ = {isa = PBXBuildFile; fileRef = 938B879E1A4A926700F1CB4A /* AnimeListTableViewController.swift */; };
		939C52F91A5353AF00DFE0E1 /* CheckLoginViewController.swift in Sources */ = {isa = PBXBuildFile; fileRef = 939C52F81A5353AF00DFE0E1 /* CheckLoginViewController.swift */; };
		939C52FB1A53620F00DFE0E1 /* AnimeListCell.swift in Sources */ = {isa = PBXBuildFile; fileRef = 939C52FA1A53620F00DFE0E1 /* AnimeListCell.swift */; };
		93B99EB91A527892006DBBDB /* LoginViewController.swift in Sources */ = {isa = PBXBuildFile; fileRef = 93B99EB81A527892006DBBDB /* LoginViewController.swift */; };
/* End PBXBuildFile section */

/* Begin PBXContainerItemProxy section */
		93305A3A1A48ED9500D6E8B3 /* PBXContainerItemProxy */ = {
			isa = PBXContainerItemProxy;
			containerPortal = 93305A191A48ED9500D6E8B3 /* Project object */;
			proxyType = 1;
			remoteGlobalIDString = 93305A201A48ED9500D6E8B3;
			remoteInfo = "animelist-checker";
		};
/* End PBXContainerItemProxy section */

/* Begin PBXFileReference section */
		930523781A5DF6C6001F61CF /* AnimeViewController.swift */ = {isa = PBXFileReference; fileEncoding = 4; lastKnownFileType = sourcecode.swift; path = AnimeViewController.swift; sourceTree = "<group>"; };
		930AC7061A5017EA00A9D4BC /* FindAnimeTableViewController.swift */ = {isa = PBXFileReference; fileEncoding = 4; lastKnownFileType = sourcecode.swift; path = FindAnimeTableViewController.swift; sourceTree = "<group>"; };
		930AC7081A5150E300A9D4BC /* Log.swift */ = {isa = PBXFileReference; fileEncoding = 4; lastKnownFileType = sourcecode.swift; path = Log.swift; sourceTree = "<group>"; };
		93135DD71A4B96EC0004A050 /* HummingbirdAPI.swift */ = {isa = PBXFileReference; fileEncoding = 4; lastKnownFileType = sourcecode.swift; path = HummingbirdAPI.swift; sourceTree = "<group>"; };
		9313DD761A55E36100DB9641 /* AccountViewController.swift */ = {isa = PBXFileReference; fileEncoding = 4; lastKnownFileType = sourcecode.swift; path = AccountViewController.swift; sourceTree = "<group>"; };
		93220E071A51AEDB008271AA /* AuthenticationToken.swift */ = {isa = PBXFileReference; fileEncoding = 4; lastKnownFileType = sourcecode.swift; path = AuthenticationToken.swift; sourceTree = "<group>"; };
		93220E091A523194008271AA /* Keychain.swift */ = {isa = PBXFileReference; fileEncoding = 4; lastKnownFileType = sourcecode.swift; path = Keychain.swift; sourceTree = "<group>"; };
		93220E0B1A523AC7008271AA /* MainViewController.swift */ = {isa = PBXFileReference; fileEncoding = 4; lastKnownFileType = sourcecode.swift; path = MainViewController.swift; sourceTree = "<group>"; };
		93305A211A48ED9500D6E8B3 /* animelist-checker.app */ = {isa = PBXFileReference; explicitFileType = wrapper.application; includeInIndex = 0; path = "animelist-checker.app"; sourceTree = BUILT_PRODUCTS_DIR; };
		93305A251A48ED9500D6E8B3 /* Info.plist */ = {isa = PBXFileReference; lastKnownFileType = text.plist.xml; path = Info.plist; sourceTree = "<group>"; };
		93305A261A48ED9500D6E8B3 /* AppDelegate.swift */ = {isa = PBXFileReference; lastKnownFileType = sourcecode.swift; path = AppDelegate.swift; sourceTree = "<group>"; };
		93305A291A48ED9500D6E8B3 /* animelist_checker.xcdatamodel */ = {isa = PBXFileReference; lastKnownFileType = wrapper.xcdatamodel; path = animelist_checker.xcdatamodel; sourceTree = "<group>"; };
		93305A2E1A48ED9500D6E8B3 /* Base */ = {isa = PBXFileReference; lastKnownFileType = file.storyboard; name = Base; path = Base.lproj/Main.storyboard; sourceTree = "<group>"; };
		93305A301A48ED9500D6E8B3 /* Images.xcassets */ = {isa = PBXFileReference; lastKnownFileType = folder.assetcatalog; path = Images.xcassets; sourceTree = "<group>"; };
		93305A331A48ED9500D6E8B3 /* Base */ = {isa = PBXFileReference; lastKnownFileType = file.xib; name = Base; path = Base.lproj/LaunchScreen.xib; sourceTree = "<group>"; };
		93305A391A48ED9500D6E8B3 /* animelist-checkerTests.xctest */ = {isa = PBXFileReference; explicitFileType = wrapper.cfbundle; includeInIndex = 0; path = "animelist-checkerTests.xctest"; sourceTree = BUILT_PRODUCTS_DIR; };
		93305A3E1A48ED9500D6E8B3 /* Info.plist */ = {isa = PBXFileReference; lastKnownFileType = text.plist.xml; path = Info.plist; sourceTree = "<group>"; };
		93305A3F1A48ED9500D6E8B3 /* animelist_checkerTests.swift */ = {isa = PBXFileReference; lastKnownFileType = sourcecode.swift; path = animelist_checkerTests.swift; sourceTree = "<group>"; };
		93305A491A48F23300D6E8B3 /* jesus_tatsuya.jpg */ = {isa = PBXFileReference; lastKnownFileType = image.jpeg; name = jesus_tatsuya.jpg; path = ../../../../../Downloads/pictures/jesus_tatsuya.jpg; sourceTree = "<group>"; };
		938B879E1A4A926700F1CB4A /* AnimeListTableViewController.swift */ = {isa = PBXFileReference; fileEncoding = 4; lastKnownFileType = sourcecode.swift; path = AnimeListTableViewController.swift; sourceTree = "<group>"; };
		939C52F81A5353AF00DFE0E1 /* CheckLoginViewController.swift */ = {isa = PBXFileReference; fileEncoding = 4; lastKnownFileType = sourcecode.swift; path = CheckLoginViewController.swift; sourceTree = "<group>"; };
		939C52FA1A53620F00DFE0E1 /* AnimeListCell.swift */ = {isa = PBXFileReference; fileEncoding = 4; lastKnownFileType = sourcecode.swift; path = AnimeListCell.swift; sourceTree = "<group>"; };
		93B99EB81A527892006DBBDB /* LoginViewController.swift */ = {isa = PBXFileReference; fileEncoding = 4; lastKnownFileType = sourcecode.swift; path = LoginViewController.swift; sourceTree = "<group>"; };
/* End PBXFileReference section */

/* Begin PBXFrameworksBuildPhase section */
		93305A1E1A48ED9500D6E8B3 /* Frameworks */ = {
			isa = PBXFrameworksBuildPhase;
			buildActionMask = 2147483647;
			files = (
			);
			runOnlyForDeploymentPostprocessing = 0;
		};
		93305A361A48ED9500D6E8B3 /* Frameworks */ = {
			isa = PBXFrameworksBuildPhase;
			buildActionMask = 2147483647;
			files = (
			);
			runOnlyForDeploymentPostprocessing = 0;
		};
/* End PBXFrameworksBuildPhase section */

/* Begin PBXGroup section */
		93305A181A48ED9500D6E8B3 = {
			isa = PBXGroup;
			children = (
				93305A231A48ED9500D6E8B3 /* animelist-checker */,
				93305A3C1A48ED9500D6E8B3 /* animelist-checkerTests */,
				93305A221A48ED9500D6E8B3 /* Products */,
			);
			sourceTree = "<group>";
		};
		93305A221A48ED9500D6E8B3 /* Products */ = {
			isa = PBXGroup;
			children = (
				93305A211A48ED9500D6E8B3 /* animelist-checker.app */,
				93305A391A48ED9500D6E8B3 /* animelist-checkerTests.xctest */,
			);
			name = Products;
			sourceTree = "<group>";
		};
		93305A231A48ED9500D6E8B3 /* animelist-checker */ = {
			isa = PBXGroup;
			children = (
				93305A491A48F23300D6E8B3 /* jesus_tatsuya.jpg */,
				930AC7081A5150E300A9D4BC /* Log.swift */,
				9313DD761A55E36100DB9641 /* AccountViewController.swift */,
				93220E0B1A523AC7008271AA /* MainViewController.swift */,
				930523781A5DF6C6001F61CF /* AnimeViewController.swift */,
				939C52FA1A53620F00DFE0E1 /* AnimeListCell.swift */,
				939C52F81A5353AF00DFE0E1 /* CheckLoginViewController.swift */,
				93220E071A51AEDB008271AA /* AuthenticationToken.swift */,
				93220E091A523194008271AA /* Keychain.swift */,
				930AC7061A5017EA00A9D4BC /* FindAnimeTableViewController.swift */,
				93135DD71A4B96EC0004A050 /* HummingbirdAPI.swift */,
				93305A261A48ED9500D6E8B3 /* AppDelegate.swift */,
				93305A2D1A48ED9500D6E8B3 /* Main.storyboard */,
				93B99EB81A527892006DBBDB /* LoginViewController.swift */,
				938B879E1A4A926700F1CB4A /* AnimeListTableViewController.swift */,
				93305A301A48ED9500D6E8B3 /* Images.xcassets */,
				93305A321A48ED9500D6E8B3 /* LaunchScreen.xib */,
				93305A281A48ED9500D6E8B3 /* animelist_checker.xcdatamodeld */,
				93305A241A48ED9500D6E8B3 /* Supporting Files */,
			);
			path = "animelist-checker";
			sourceTree = "<group>";
		};
		93305A241A48ED9500D6E8B3 /* Supporting Files */ = {
			isa = PBXGroup;
			children = (
				93305A251A48ED9500D6E8B3 /* Info.plist */,
			);
			name = "Supporting Files";
			sourceTree = "<group>";
		};
		93305A3C1A48ED9500D6E8B3 /* animelist-checkerTests */ = {
			isa = PBXGroup;
			children = (
				93305A3F1A48ED9500D6E8B3 /* animelist_checkerTests.swift */,
				93305A3D1A48ED9500D6E8B3 /* Supporting Files */,
			);
			path = "animelist-checkerTests";
			sourceTree = "<group>";
		};
		93305A3D1A48ED9500D6E8B3 /* Supporting Files */ = {
			isa = PBXGroup;
			children = (
				93305A3E1A48ED9500D6E8B3 /* Info.plist */,
			);
			name = "Supporting Files";
			sourceTree = "<group>";
		};
/* End PBXGroup section */

/* Begin PBXNativeTarget section */
		93305A201A48ED9500D6E8B3 /* animelist-checker */ = {
			isa = PBXNativeTarget;
			buildConfigurationList = 93305A431A48ED9500D6E8B3 /* Build configuration list for PBXNativeTarget "animelist-checker" */;
			buildPhases = (
				93305A1D1A48ED9500D6E8B3 /* Sources */,
				93305A1E1A48ED9500D6E8B3 /* Frameworks */,
				93305A1F1A48ED9500D6E8B3 /* Resources */,
			);
			buildRules = (
			);
			dependencies = (
			);
			name = "animelist-checker";
			productName = "animelist-checker";
			productReference = 93305A211A48ED9500D6E8B3 /* animelist-checker.app */;
			productType = "com.apple.product-type.application";
		};
		93305A381A48ED9500D6E8B3 /* animelist-checkerTests */ = {
			isa = PBXNativeTarget;
			buildConfigurationList = 93305A461A48ED9500D6E8B3 /* Build configuration list for PBXNativeTarget "animelist-checkerTests" */;
			buildPhases = (
				93305A351A48ED9500D6E8B3 /* Sources */,
				93305A361A48ED9500D6E8B3 /* Frameworks */,
				93305A371A48ED9500D6E8B3 /* Resources */,
			);
			buildRules = (
			);
			dependencies = (
				93305A3B1A48ED9500D6E8B3 /* PBXTargetDependency */,
			);
			name = "animelist-checkerTests";
			productName = "animelist-checkerTests";
			productReference = 93305A391A48ED9500D6E8B3 /* animelist-checkerTests.xctest */;
			productType = "com.apple.product-type.bundle.unit-test";
		};
/* End PBXNativeTarget section */

/* Begin PBXProject section */
		93305A191A48ED9500D6E8B3 /* Project object */ = {
			isa = PBXProject;
			attributes = {
				LastUpgradeCheck = 0610;
				ORGANIZATIONNAME = com.d_m;
				TargetAttributes = {
					93305A201A48ED9500D6E8B3 = {
						CreatedOnToolsVersion = 6.1.1;
					};
					93305A381A48ED9500D6E8B3 = {
						CreatedOnToolsVersion = 6.1.1;
						TestTargetID = 93305A201A48ED9500D6E8B3;
					};
				};
			};
			buildConfigurationList = 93305A1C1A48ED9500D6E8B3 /* Build configuration list for PBXProject "animelist-checker" */;
			compatibilityVersion = "Xcode 3.2";
			developmentRegion = English;
			hasScannedForEncodings = 0;
			knownRegions = (
				en,
				Base,
			);
			mainGroup = 93305A181A48ED9500D6E8B3;
			productRefGroup = 93305A221A48ED9500D6E8B3 /* Products */;
			projectDirPath = "";
			projectRoot = "";
			targets = (
				93305A201A48ED9500D6E8B3 /* animelist-checker */,
				93305A381A48ED9500D6E8B3 /* animelist-checkerTests */,
			);
		};
/* End PBXProject section */

/* Begin PBXResourcesBuildPhase section */
		93305A1F1A48ED9500D6E8B3 /* Resources */ = {
			isa = PBXResourcesBuildPhase;
			buildActionMask = 2147483647;
			files = (
				93305A4A1A48F23300D6E8B3 /* jesus_tatsuya.jpg in Resources */,
				93305A2F1A48ED9500D6E8B3 /* Main.storyboard in Resources */,
				93305A341A48ED9500D6E8B3 /* LaunchScreen.xib in Resources */,
				93305A311A48ED9500D6E8B3 /* Images.xcassets in Resources */,
			);
			runOnlyForDeploymentPostprocessing = 0;
		};
		93305A371A48ED9500D6E8B3 /* Resources */ = {
			isa = PBXResourcesBuildPhase;
			buildActionMask = 2147483647;
			files = (
			);
			runOnlyForDeploymentPostprocessing = 0;
		};
/* End PBXResourcesBuildPhase section */

/* Begin PBXSourcesBuildPhase section */
		93305A1D1A48ED9500D6E8B3 /* Sources */ = {
			isa = PBXSourcesBuildPhase;
			buildActionMask = 2147483647;
			files = (
				93220E0C1A523AC7008271AA /* MainViewController.swift in Sources */,
				93135DD81A4B96EC0004A050 /* HummingbirdAPI.swift in Sources */,
				930AC7091A5150E300A9D4BC /* Log.swift in Sources */,
				93305A2A1A48ED9500D6E8B3 /* animelist_checker.xcdatamodeld in Sources */,
				93220E0A1A523194008271AA /* Keychain.swift in Sources */,
				938B879F1A4A926700F1CB4A /* AnimeListTableViewController.swift in Sources */,
				93220E081A51AEDB008271AA /* AuthenticationToken.swift in Sources */,
				93305A271A48ED9500D6E8B3 /* AppDelegate.swift in Sources */,
				93B99EB91A527892006DBBDB /* LoginViewController.swift in Sources */,
				930523791A5DF6C6001F61CF /* AnimeViewController.swift in Sources */,
				9313DD771A55E36100DB9641 /* AccountViewController.swift in Sources */,
				930AC7071A5017EA00A9D4BC /* FindAnimeTableViewController.swift in Sources */,
				939C52FB1A53620F00DFE0E1 /* AnimeListCell.swift in Sources */,
				939C52F91A5353AF00DFE0E1 /* CheckLoginViewController.swift in Sources */,
			);
			runOnlyForDeploymentPostprocessing = 0;
		};
		93305A351A48ED9500D6E8B3 /* Sources */ = {
			isa = PBXSourcesBuildPhase;
			buildActionMask = 2147483647;
			files = (
				93305A401A48ED9500D6E8B3 /* animelist_checkerTests.swift in Sources */,
			);
			runOnlyForDeploymentPostprocessing = 0;
		};
/* End PBXSourcesBuildPhase section */

/* Begin PBXTargetDependency section */
		93305A3B1A48ED9500D6E8B3 /* PBXTargetDependency */ = {
			isa = PBXTargetDependency;
			target = 93305A201A48ED9500D6E8B3 /* animelist-checker */;
			targetProxy = 93305A3A1A48ED9500D6E8B3 /* PBXContainerItemProxy */;
		};
/* End PBXTargetDependency section */

/* Begin PBXVariantGroup section */
		93305A2D1A48ED9500D6E8B3 /* Main.storyboard */ = {
			isa = PBXVariantGroup;
			children = (
				93305A2E1A48ED9500D6E8B3 /* Base */,
			);
			name = Main.storyboard;
			sourceTree = "<group>";
		};
		93305A321A48ED9500D6E8B3 /* LaunchScreen.xib */ = {
			isa = PBXVariantGroup;
			children = (
				93305A331A48ED9500D6E8B3 /* Base */,
			);
			name = LaunchScreen.xib;
			sourceTree = "<group>";
		};
/* End PBXVariantGroup section */

/* Begin XCBuildConfiguration section */
		93305A411A48ED9500D6E8B3 /* Debug */ = {
			isa = XCBuildConfiguration;
			buildSettings = {
				ALWAYS_SEARCH_USER_PATHS = NO;
				CLANG_CXX_LANGUAGE_STANDARD = "gnu++0x";
				CLANG_CXX_LIBRARY = "libc++";
				CLANG_ENABLE_MODULES = YES;
				CLANG_ENABLE_OBJC_ARC = YES;
				CLANG_WARN_BOOL_CONVERSION = YES;
				CLANG_WARN_CONSTANT_CONVERSION = YES;
				CLANG_WARN_DIRECT_OBJC_ISA_USAGE = YES_ERROR;
				CLANG_WARN_EMPTY_BODY = YES;
				CLANG_WARN_ENUM_CONVERSION = YES;
				CLANG_WARN_INT_CONVERSION = YES;
				CLANG_WARN_OBJC_ROOT_CLASS = YES_ERROR;
				CLANG_WARN_UNREACHABLE_CODE = YES;
				CLANG_WARN__DUPLICATE_METHOD_MATCH = YES;
				"CODE_SIGN_IDENTITY[sdk=iphoneos*]" = "iPhone Developer";
				COPY_PHASE_STRIP = NO;
				ENABLE_STRICT_OBJC_MSGSEND = YES;
				GCC_C_LANGUAGE_STANDARD = gnu99;
				GCC_DYNAMIC_NO_PIC = NO;
				GCC_OPTIMIZATION_LEVEL = 0;
				GCC_PREPROCESSOR_DEFINITIONS = (
					"DEBUG=1",
					"$(inherited)",
				);
				GCC_SYMBOLS_PRIVATE_EXTERN = NO;
				GCC_WARN_64_TO_32_BIT_CONVERSION = YES;
				GCC_WARN_ABOUT_RETURN_TYPE = YES_ERROR;
				GCC_WARN_UNDECLARED_SELECTOR = YES;
				GCC_WARN_UNINITIALIZED_AUTOS = YES_AGGRESSIVE;
				GCC_WARN_UNUSED_FUNCTION = YES;
				GCC_WARN_UNUSED_VARIABLE = YES;
				IPHONEOS_DEPLOYMENT_TARGET = 8.1;
				MTL_ENABLE_DEBUG_INFO = YES;
				ONLY_ACTIVE_ARCH = YES;
				SDKROOT = iphoneos;
				SWIFT_OPTIMIZATION_LEVEL = "-Onone";
			};
			name = Debug;
		};
		93305A421A48ED9500D6E8B3 /* Release */ = {
			isa = XCBuildConfiguration;
			buildSettings = {
				ALWAYS_SEARCH_USER_PATHS = NO;
				CLANG_CXX_LANGUAGE_STANDARD = "gnu++0x";
				CLANG_CXX_LIBRARY = "libc++";
				CLANG_ENABLE_MODULES = YES;
				CLANG_ENABLE_OBJC_ARC = YES;
				CLANG_WARN_BOOL_CONVERSION = YES;
				CLANG_WARN_CONSTANT_CONVERSION = YES;
				CLANG_WARN_DIRECT_OBJC_ISA_USAGE = YES_ERROR;
				CLANG_WARN_EMPTY_BODY = YES;
				CLANG_WARN_ENUM_CONVERSION = YES;
				CLANG_WARN_INT_CONVERSION = YES;
				CLANG_WARN_OBJC_ROOT_CLASS = YES_ERROR;
				CLANG_WARN_UNREACHABLE_CODE = YES;
				CLANG_WARN__DUPLICATE_METHOD_MATCH = YES;
				"CODE_SIGN_IDENTITY[sdk=iphoneos*]" = "iPhone Developer";
				COPY_PHASE_STRIP = YES;
				ENABLE_NS_ASSERTIONS = NO;
				ENABLE_STRICT_OBJC_MSGSEND = YES;
				GCC_C_LANGUAGE_STANDARD = gnu99;
				GCC_WARN_64_TO_32_BIT_CONVERSION = YES;
				GCC_WARN_ABOUT_RETURN_TYPE = YES_ERROR;
				GCC_WARN_UNDECLARED_SELECTOR = YES;
				GCC_WARN_UNINITIALIZED_AUTOS = YES_AGGRESSIVE;
				GCC_WARN_UNUSED_FUNCTION = YES;
				GCC_WARN_UNUSED_VARIABLE = YES;
				IPHONEOS_DEPLOYMENT_TARGET = 8.1;
				MTL_ENABLE_DEBUG_INFO = NO;
				SDKROOT = iphoneos;
				VALIDATE_PRODUCT = YES;
			};
			name = Release;
		};
		93305A441A48ED9500D6E8B3 /* Debug */ = {
			isa = XCBuildConfiguration;
			buildSettings = {
				ASSETCATALOG_COMPILER_APPICON_NAME = AppIcon;
				INFOPLIST_FILE = "animelist-checker/Info.plist";
				LD_RUNPATH_SEARCH_PATHS = "$(inherited) @executable_path/Frameworks";
				PRODUCT_NAME = "$(TARGET_NAME)";
			};
			name = Debug;
		};
		93305A451A48ED9500D6E8B3 /* Release */ = {
			isa = XCBuildConfiguration;
			buildSettings = {
				ASSETCATALOG_COMPILER_APPICON_NAME = AppIcon;
				INFOPLIST_FILE = "animelist-checker/Info.plist";
				LD_RUNPATH_SEARCH_PATHS = "$(inherited) @executable_path/Frameworks";
				PRODUCT_NAME = "$(TARGET_NAME)";
			};
			name = Release;
		};
		93305A471A48ED9500D6E8B3 /* Debug */ = {
			isa = XCBuildConfiguration;
			buildSettings = {
				BUNDLE_LOADER = "$(TEST_HOST)";
				FRAMEWORK_SEARCH_PATHS = (
					"$(SDKROOT)/Developer/Library/Frameworks",
					"$(inherited)",
				);
				GCC_PREPROCESSOR_DEFINITIONS = (
					"DEBUG=1",
					"$(inherited)",
				);
				INFOPLIST_FILE = "animelist-checkerTests/Info.plist";
				LD_RUNPATH_SEARCH_PATHS = "$(inherited) @executable_path/Frameworks @loader_path/Frameworks";
				PRODUCT_NAME = "$(TARGET_NAME)";
				TEST_HOST = "$(BUILT_PRODUCTS_DIR)/animelist-checker.app/animelist-checker";
			};
			name = Debug;
		};
		93305A481A48ED9500D6E8B3 /* Release */ = {
			isa = XCBuildConfiguration;
			buildSettings = {
				BUNDLE_LOADER = "$(TEST_HOST)";
				FRAMEWORK_SEARCH_PATHS = (
					"$(SDKROOT)/Developer/Library/Frameworks",
					"$(inherited)",
				);
				INFOPLIST_FILE = "animelist-checkerTests/Info.plist";
				LD_RUNPATH_SEARCH_PATHS = "$(inherited) @executable_path/Frameworks @loader_path/Frameworks";
				PRODUCT_NAME = "$(TARGET_NAME)";
				TEST_HOST = "$(BUILT_PRODUCTS_DIR)/animelist-checker.app/animelist-checker";
			};
			name = Release;
		};
/* End XCBuildConfiguration section */

/* Begin XCConfigurationList section */
		93305A1C1A48ED9500D6E8B3 /* Build configuration list for PBXProject "animelist-checker" */ = {
			isa = XCConfigurationList;
			buildConfigurations = (
				93305A411A48ED9500D6E8B3 /* Debug */,
				93305A421A48ED9500D6E8B3 /* Release */,
			);
			defaultConfigurationIsVisible = 0;
			defaultConfigurationName = Release;
		};
		93305A431A48ED9500D6E8B3 /* Build configuration list for PBXNativeTarget "animelist-checker" */ = {
			isa = XCConfigurationList;
			buildConfigurations = (
				93305A441A48ED9500D6E8B3 /* Debug */,
				93305A451A48ED9500D6E8B3 /* Release */,
			);
			defaultConfigurationIsVisible = 0;
			defaultConfigurationName = Release;
		};
		93305A461A48ED9500D6E8B3 /* Build configuration list for PBXNativeTarget "animelist-checkerTests" */ = {
			isa = XCConfigurationList;
			buildConfigurations = (
				93305A471A48ED9500D6E8B3 /* Debug */,
				93305A481A48ED9500D6E8B3 /* Release */,
			);
			defaultConfigurationIsVisible = 0;
			defaultConfigurationName = Release;
		};
/* End XCConfigurationList section */

/* Begin XCVersionGroup section */
		93305A281A48ED9500D6E8B3 /* animelist_checker.xcdatamodeld */ = {
			isa = XCVersionGroup;
			children = (
				93305A291A48ED9500D6E8B3 /* animelist_checker.xcdatamodel */,
			);
			currentVersion = 93305A291A48ED9500D6E8B3 /* animelist_checker.xcdatamodel */;
			path = animelist_checker.xcdatamodeld;
			sourceTree = "<group>";
			versionGroupType = wrapper.xcdatamodel;
		};
/* End XCVersionGroup section */
	};
	rootObject = 93305A191A48ED9500D6E8B3 /* Project object */;
}
